// !$*UTF8*$!
{
	archiveVersion = 1;
	classes = {
	};
	objectVersion = 55;
	objects = {

/* Begin PBXBuildFile section */
		8547BAFF26FB3A4600E051E2 /* ARTISApp.swift in Sources */ = {isa = PBXBuildFile; fileRef = 8547BAFE26FB3A4600E051E2 /* ARTISApp.swift */; };
		8547BB0126FB3A4600E051E2 /* ColorSetView.swift in Sources */ = {isa = PBXBuildFile; fileRef = 8547BB0026FB3A4600E051E2 /* ColorSetView.swift */; };
		8547BB0326FB3A4800E051E2 /* Assets.xcassets in Resources */ = {isa = PBXBuildFile; fileRef = 8547BB0226FB3A4800E051E2 /* Assets.xcassets */; };
		8547BB0626FB3A4800E051E2 /* Preview Assets.xcassets in Resources */ = {isa = PBXBuildFile; fileRef = 8547BB0526FB3A4800E051E2 /* Preview Assets.xcassets */; };
		8547BB1426FB3A8700E051E2 /* Color.swift in Sources */ = {isa = PBXBuildFile; fileRef = 8547BB1326FB3A8700E051E2 /* Color.swift */; };
		8547BB1626FB3B6900E051E2 /* HomeView.swift in Sources */ = {isa = PBXBuildFile; fileRef = 8547BB1526FB3B6900E051E2 /* HomeView.swift */; };
		8547BB1826FB406D00E051E2 /* alarmView.swift in Sources */ = {isa = PBXBuildFile; fileRef = 8547BB1726FB406D00E051E2 /* alarmView.swift */; };
		854A8E8426FBA3C1008C7A9C /* ProfileView.swift in Sources */ = {isa = PBXBuildFile; fileRef = 854A8E8326FBA3C1008C7A9C /* ProfileView.swift */; };
		854A8E8626FBA3D2008C7A9C /* SearchView.swift in Sources */ = {isa = PBXBuildFile; fileRef = 854A8E8526FBA3D2008C7A9C /* SearchView.swift */; };
		854A8E8826FBA3E0008C7A9C /* MegazineView.swift in Sources */ = {isa = PBXBuildFile; fileRef = 854A8E8726FBA3E0008C7A9C /* MegazineView.swift */; };
		854A8E8A26FBA64E008C7A9C /* tabView.swift in Sources */ = {isa = PBXBuildFile; fileRef = 854A8E8926FBA64E008C7A9C /* tabView.swift */; };
		85776C3E2703211300D4CBF1 /* HomeViewModel.swift in Sources */ = {isa = PBXBuildFile; fileRef = 85776C3D2703211300D4CBF1 /* HomeViewModel.swift */; };
		85776C40270321BA00D4CBF1 /* NewsModel.swift in Sources */ = {isa = PBXBuildFile; fileRef = 85776C3F270321BA00D4CBF1 /* NewsModel.swift */; };
		85776C42270377DE00D4CBF1 /* LatestNewsView.swift in Sources */ = {isa = PBXBuildFile; fileRef = 85776C41270377DD00D4CBF1 /* LatestNewsView.swift */; };
		85AFD33726FB8C7A002895F3 /* ScreenBound.swift in Sources */ = {isa = PBXBuildFile; fileRef = 85AFD33626FB8C7A002895F3 /* ScreenBound.swift */; };
		85AFD33926FB8EDF002895F3 /* ItemBarView.swift in Sources */ = {isa = PBXBuildFile; fileRef = 85AFD33826FB8EDF002895F3 /* ItemBarView.swift */; };
		85CAA95F26FCE6EB00387369 /* tabViewModel.swift in Sources */ = {isa = PBXBuildFile; fileRef = 85CAA95E26FCE6EB00387369 /* tabViewModel.swift */; };
		85CAA96226FCF23F00387369 /* CarouselView.swift in Sources */ = {isa = PBXBuildFile; fileRef = 85CAA96126FCF23F00387369 /* CarouselView.swift */; };
		85ECD1E226FC93A300D8918D /* tabModel.swift in Sources */ = {isa = PBXBuildFile; fileRef = 85ECD1E126FC93A300D8918D /* tabModel.swift */; };
/* End PBXBuildFile section */

/* Begin PBXFileReference section */
		8547BAFB26FB3A4600E051E2 /* ARTIS.app */ = {isa = PBXFileReference; explicitFileType = wrapper.application; includeInIndex = 0; path = ARTIS.app; sourceTree = BUILT_PRODUCTS_DIR; };
		8547BAFE26FB3A4600E051E2 /* ARTISApp.swift */ = {isa = PBXFileReference; lastKnownFileType = sourcecode.swift; path = ARTISApp.swift; sourceTree = "<group>"; };
		8547BB0026FB3A4600E051E2 /* ColorSetView.swift */ = {isa = PBXFileReference; lastKnownFileType = sourcecode.swift; path = ColorSetView.swift; sourceTree = "<group>"; };
		8547BB0226FB3A4800E051E2 /* Assets.xcassets */ = {isa = PBXFileReference; lastKnownFileType = folder.assetcatalog; path = Assets.xcassets; sourceTree = "<group>"; };
		8547BB0526FB3A4800E051E2 /* Preview Assets.xcassets */ = {isa = PBXFileReference; lastKnownFileType = folder.assetcatalog; path = "Preview Assets.xcassets"; sourceTree = "<group>"; };
		8547BB1326FB3A8700E051E2 /* Color.swift */ = {isa = PBXFileReference; lastKnownFileType = sourcecode.swift; path = Color.swift; sourceTree = "<group>"; };
		8547BB1526FB3B6900E051E2 /* HomeView.swift */ = {isa = PBXFileReference; lastKnownFileType = sourcecode.swift; path = HomeView.swift; sourceTree = "<group>"; };
		8547BB1726FB406D00E051E2 /* alarmView.swift */ = {isa = PBXFileReference; lastKnownFileType = sourcecode.swift; path = alarmView.swift; sourceTree = "<group>"; };
		854A8E8326FBA3C1008C7A9C /* ProfileView.swift */ = {isa = PBXFileReference; lastKnownFileType = sourcecode.swift; path = ProfileView.swift; sourceTree = "<group>"; };
		854A8E8526FBA3D2008C7A9C /* SearchView.swift */ = {isa = PBXFileReference; lastKnownFileType = sourcecode.swift; path = SearchView.swift; sourceTree = "<group>"; };
		854A8E8726FBA3E0008C7A9C /* MegazineView.swift */ = {isa = PBXFileReference; lastKnownFileType = sourcecode.swift; path = MegazineView.swift; sourceTree = "<group>"; };
		854A8E8926FBA64E008C7A9C /* tabView.swift */ = {isa = PBXFileReference; lastKnownFileType = sourcecode.swift; path = tabView.swift; sourceTree = "<group>"; };
		85776C3D2703211300D4CBF1 /* HomeViewModel.swift */ = {isa = PBXFileReference; lastKnownFileType = sourcecode.swift; path = HomeViewModel.swift; sourceTree = "<group>"; };
		85776C3F270321BA00D4CBF1 /* NewsModel.swift */ = {isa = PBXFileReference; lastKnownFileType = sourcecode.swift; path = NewsModel.swift; sourceTree = "<group>"; };
		85776C41270377DD00D4CBF1 /* LatestNewsView.swift */ = {isa = PBXFileReference; lastKnownFileType = sourcecode.swift; path = LatestNewsView.swift; sourceTree = "<group>"; };
		85AFD33626FB8C7A002895F3 /* ScreenBound.swift */ = {isa = PBXFileReference; lastKnownFileType = sourcecode.swift; path = ScreenBound.swift; sourceTree = "<group>"; };
		85AFD33826FB8EDF002895F3 /* ItemBarView.swift */ = {isa = PBXFileReference; lastKnownFileType = sourcecode.swift; path = ItemBarView.swift; sourceTree = "<group>"; };
		85CAA95E26FCE6EB00387369 /* tabViewModel.swift */ = {isa = PBXFileReference; lastKnownFileType = sourcecode.swift; path = tabViewModel.swift; sourceTree = "<group>"; };
		85CAA96126FCF23F00387369 /* CarouselView.swift */ = {isa = PBXFileReference; lastKnownFileType = sourcecode.swift; path = CarouselView.swift; sourceTree = "<group>"; };
		85ECD1E126FC93A300D8918D /* tabModel.swift */ = {isa = PBXFileReference; lastKnownFileType = sourcecode.swift; path = tabModel.swift; sourceTree = "<group>"; };
/* End PBXFileReference section */

/* Begin PBXFrameworksBuildPhase section */
		8547BAF826FB3A4600E051E2 /* Frameworks */ = {
			isa = PBXFrameworksBuildPhase;
			buildActionMask = 2147483647;
			files = (
			);
			runOnlyForDeploymentPostprocessing = 0;
		};
/* End PBXFrameworksBuildPhase section */

/* Begin PBXGroup section */
		8547BAF226FB3A4600E051E2 = {
			isa = PBXGroup;
			children = (
				8547BAFD26FB3A4600E051E2 /* ARTIS */,
				8547BAFC26FB3A4600E051E2 /* Products */,
			);
			sourceTree = "<group>";
		};
		8547BAFC26FB3A4600E051E2 /* Products */ = {
			isa = PBXGroup;
			children = (
				8547BAFB26FB3A4600E051E2 /* ARTIS.app */,
			);
			name = Products;
			sourceTree = "<group>";
		};
		8547BAFD26FB3A4600E051E2 /* ARTIS */ = {
			isa = PBXGroup;
			children = (
				8547BAFE26FB3A4600E051E2 /* ARTISApp.swift */,
				8547BB0026FB3A4600E051E2 /* ColorSetView.swift */,
				8547BB0E26FB3A5B00E051E2 /* Extensions */,
				8547BB0D26FB3A5400E051E2 /* Models */,
				8547BB0C26FB3A5000E051E2 /* Core */,
				8547BB0226FB3A4800E051E2 /* Assets.xcassets */,
				8547BB0426FB3A4800E051E2 /* Preview Content */,
			);
			path = ARTIS;
			sourceTree = "<group>";
		};
		8547BB0426FB3A4800E051E2 /* Preview Content */ = {
			isa = PBXGroup;
			children = (
				8547BB0526FB3A4800E051E2 /* Preview Assets.xcassets */,
			);
			path = "Preview Content";
			sourceTree = "<group>";
		};
		8547BB0C26FB3A5000E051E2 /* Core */ = {
			isa = PBXGroup;
			children = (
				8547BB1226FB3A7A00E051E2 /* Components */,
				854A8E7926FBA36A008C7A9C /* Tab */,
			);
			path = Core;
			sourceTree = "<group>";
		};
		8547BB0D26FB3A5400E051E2 /* Models */ = {
			isa = PBXGroup;
			children = (
				85ECD1E126FC93A300D8918D /* tabModel.swift */,
				85776C3F270321BA00D4CBF1 /* NewsModel.swift */,
			);
			path = Models;
			sourceTree = "<group>";
		};
		8547BB0E26FB3A5B00E051E2 /* Extensions */ = {
			isa = PBXGroup;
			children = (
				8547BB1326FB3A8700E051E2 /* Color.swift */,
				85AFD33626FB8C7A002895F3 /* ScreenBound.swift */,
			);
			path = Extensions;
			sourceTree = "<group>";
		};
		8547BB0F26FB3A6400E051E2 /* Home */ = {
			isa = PBXGroup;
			children = (
				8547BB1126FB3A7300E051E2 /* ViewModel */,
				8547BB1026FB3A6E00E051E2 /* View */,
			);
			path = Home;
			sourceTree = "<group>";
		};
		8547BB1026FB3A6E00E051E2 /* View */ = {
			isa = PBXGroup;
			children = (
				8547BB1526FB3B6900E051E2 /* HomeView.swift */,
			);
			path = View;
			sourceTree = "<group>";
		};
		8547BB1126FB3A7300E051E2 /* ViewModel */ = {
			isa = PBXGroup;
			children = (
				85776C3D2703211300D4CBF1 /* HomeViewModel.swift */,
			);
			path = ViewModel;
			sourceTree = "<group>";
		};
		8547BB1226FB3A7A00E051E2 /* Components */ = {
			isa = PBXGroup;
			children = (
				8547BB1726FB406D00E051E2 /* alarmView.swift */,
				85AFD33826FB8EDF002895F3 /* ItemBarView.swift */,
				85CAA96126FCF23F00387369 /* CarouselView.swift */,
				85776C41270377DD00D4CBF1 /* LatestNewsView.swift */,
			);
			path = Components;
			sourceTree = "<group>";
		};
		854A8E7926FBA36A008C7A9C /* Tab */ = {
			isa = PBXGroup;
			children = (
				85ECD1DE26FC938000D8918D /* TabView */,
				8547BB0F26FB3A6400E051E2 /* Home */,
				854A8E7A26FBA385008C7A9C /* Megazine */,
				854A8E7B26FBA38B008C7A9C /* Search */,
				854A8E7C26FBA390008C7A9C /* Profile */,
			);
			path = Tab;
			sourceTree = "<group>";
		};
		854A8E7A26FBA385008C7A9C /* Megazine */ = {
			isa = PBXGroup;
			children = (
				854A8E7E26FBA39B008C7A9C /* ViewModel */,
				854A8E7D26FBA396008C7A9C /* View */,
			);
			path = Megazine;
			sourceTree = "<group>";
		};
		854A8E7B26FBA38B008C7A9C /* Search */ = {
			isa = PBXGroup;
			children = (
				854A8E8026FBA3A5008C7A9C /* ViewModel */,
				854A8E7F26FBA3A1008C7A9C /* View */,
			);
			path = Search;
			sourceTree = "<group>";
		};
		854A8E7C26FBA390008C7A9C /* Profile */ = {
			isa = PBXGroup;
			children = (
				854A8E8226FBA3B2008C7A9C /* ViewModel */,
				854A8E8126FBA3AE008C7A9C /* View */,
			);
			path = Profile;
			sourceTree = "<group>";
		};
		854A8E7D26FBA396008C7A9C /* View */ = {
			isa = PBXGroup;
			children = (
				854A8E8726FBA3E0008C7A9C /* MegazineView.swift */,
			);
			path = View;
			sourceTree = "<group>";
		};
		854A8E7E26FBA39B008C7A9C /* ViewModel */ = {
			isa = PBXGroup;
			children = (
			);
			path = ViewModel;
			sourceTree = "<group>";
		};
		854A8E7F26FBA3A1008C7A9C /* View */ = {
			isa = PBXGroup;
			children = (
				854A8E8526FBA3D2008C7A9C /* SearchView.swift */,
			);
			path = View;
			sourceTree = "<group>";
		};
		854A8E8026FBA3A5008C7A9C /* ViewModel */ = {
			isa = PBXGroup;
			children = (
			);
			path = ViewModel;
			sourceTree = "<group>";
		};
		854A8E8126FBA3AE008C7A9C /* View */ = {
			isa = PBXGroup;
			children = (
				854A8E8326FBA3C1008C7A9C /* ProfileView.swift */,
			);
			path = View;
			sourceTree = "<group>";
		};
		854A8E8226FBA3B2008C7A9C /* ViewModel */ = {
			isa = PBXGroup;
			children = (
			);
			path = ViewModel;
			sourceTree = "<group>";
		};
		85CAA96026FCE6EF00387369 /* ViewModel */ = {
			isa = PBXGroup;
			children = (
				85CAA95E26FCE6EB00387369 /* tabViewModel.swift */,
			);
			path = ViewModel;
			sourceTree = "<group>";
		};
		85ECD1DE26FC938000D8918D /* TabView */ = {
			isa = PBXGroup;
			children = (
				85CAA96026FCE6EF00387369 /* ViewModel */,
				85ECD1DF26FC938900D8918D /* View */,
			);
			path = TabView;
			sourceTree = "<group>";
		};
		85ECD1DF26FC938900D8918D /* View */ = {
			isa = PBXGroup;
			children = (
				854A8E8926FBA64E008C7A9C /* tabView.swift */,
			);
			path = View;
			sourceTree = "<group>";
		};
/* End PBXGroup section */

/* Begin PBXNativeTarget section */
		8547BAFA26FB3A4600E051E2 /* ARTIS */ = {
			isa = PBXNativeTarget;
			buildConfigurationList = 8547BB0926FB3A4800E051E2 /* Build configuration list for PBXNativeTarget "ARTIS" */;
			buildPhases = (
				8547BAF726FB3A4600E051E2 /* Sources */,
				8547BAF826FB3A4600E051E2 /* Frameworks */,
				8547BAF926FB3A4600E051E2 /* Resources */,
			);
			buildRules = (
			);
			dependencies = (
			);
			name = ARTIS;
			productName = ARTIS;
			productReference = 8547BAFB26FB3A4600E051E2 /* ARTIS.app */;
			productType = "com.apple.product-type.application";
		};
/* End PBXNativeTarget section */

/* Begin PBXProject section */
		8547BAF326FB3A4600E051E2 /* Project object */ = {
			isa = PBXProject;
			attributes = {
				BuildIndependentTargetsInParallel = 1;
				LastSwiftUpdateCheck = 1300;
				LastUpgradeCheck = 1300;
				TargetAttributes = {
					8547BAFA26FB3A4600E051E2 = {
						CreatedOnToolsVersion = 13.0;
					};
				};
			};
			buildConfigurationList = 8547BAF626FB3A4600E051E2 /* Build configuration list for PBXProject "ARTIS" */;
			compatibilityVersion = "Xcode 13.0";
			developmentRegion = en;
			hasScannedForEncodings = 0;
			knownRegions = (
				en,
				Base,
			);
			mainGroup = 8547BAF226FB3A4600E051E2;
			productRefGroup = 8547BAFC26FB3A4600E051E2 /* Products */;
			projectDirPath = "";
			projectRoot = "";
			targets = (
				8547BAFA26FB3A4600E051E2 /* ARTIS */,
			);
		};
/* End PBXProject section */

/* Begin PBXResourcesBuildPhase section */
		8547BAF926FB3A4600E051E2 /* Resources */ = {
			isa = PBXResourcesBuildPhase;
			buildActionMask = 2147483647;
			files = (
				8547BB0626FB3A4800E051E2 /* Preview Assets.xcassets in Resources */,
				8547BB0326FB3A4800E051E2 /* Assets.xcassets in Resources */,
			);
			runOnlyForDeploymentPostprocessing = 0;
		};
/* End PBXResourcesBuildPhase section */

/* Begin PBXSourcesBuildPhase section */
		8547BAF726FB3A4600E051E2 /* Sources */ = {
			isa = PBXSourcesBuildPhase;
			buildActionMask = 2147483647;
			files = (
				854A8E8426FBA3C1008C7A9C /* ProfileView.swift in Sources */,
				854A8E8626FBA3D2008C7A9C /* SearchView.swift in Sources */,
				85CAA95F26FCE6EB00387369 /* tabViewModel.swift in Sources */,
				854A8E8A26FBA64E008C7A9C /* tabView.swift in Sources */,
				85CAA96226FCF23F00387369 /* CarouselView.swift in Sources */,
				854A8E8826FBA3E0008C7A9C /* MegazineView.swift in Sources */,
				85ECD1E226FC93A300D8918D /* tabModel.swift in Sources */,
				8547BB0126FB3A4600E051E2 /* ColorSetView.swift in Sources */,
				85776C40270321BA00D4CBF1 /* NewsModel.swift in Sources */,
				8547BB1826FB406D00E051E2 /* alarmView.swift in Sources */,
				85AFD33926FB8EDF002895F3 /* ItemBarView.swift in Sources */,
				85AFD33726FB8C7A002895F3 /* ScreenBound.swift in Sources */,
				8547BB1626FB3B6900E051E2 /* HomeView.swift in Sources */,
				8547BAFF26FB3A4600E051E2 /* ARTISApp.swift in Sources */,
				85776C3E2703211300D4CBF1 /* HomeViewModel.swift in Sources */,
				8547BB1426FB3A8700E051E2 /* Color.swift in Sources */,
				85776C42270377DE00D4CBF1 /* LatestNewsView.swift in Sources */,
			);
			runOnlyForDeploymentPostprocessing = 0;
		};
/* End PBXSourcesBuildPhase section */

/* Begin XCBuildConfiguration section */
		8547BB0726FB3A4800E051E2 /* Debug */ = {
			isa = XCBuildConfiguration;
			buildSettings = {
				ALWAYS_SEARCH_USER_PATHS = NO;
				CLANG_ANALYZER_NONNULL = YES;
				CLANG_ANALYZER_NUMBER_OBJECT_CONVERSION = YES_AGGRESSIVE;
				CLANG_CXX_LANGUAGE_STANDARD = "gnu++17";
				CLANG_CXX_LIBRARY = "libc++";
				CLANG_ENABLE_MODULES = YES;
				CLANG_ENABLE_OBJC_ARC = YES;
				CLANG_ENABLE_OBJC_WEAK = YES;
				CLANG_WARN_BLOCK_CAPTURE_AUTORELEASING = YES;
				CLANG_WARN_BOOL_CONVERSION = YES;
				CLANG_WARN_COMMA = YES;
				CLANG_WARN_CONSTANT_CONVERSION = YES;
				CLANG_WARN_DEPRECATED_OBJC_IMPLEMENTATIONS = YES;
				CLANG_WARN_DIRECT_OBJC_ISA_USAGE = YES_ERROR;
				CLANG_WARN_DOCUMENTATION_COMMENTS = YES;
				CLANG_WARN_EMPTY_BODY = YES;
				CLANG_WARN_ENUM_CONVERSION = YES;
				CLANG_WARN_INFINITE_RECURSION = YES;
				CLANG_WARN_INT_CONVERSION = YES;
				CLANG_WARN_NON_LITERAL_NULL_CONVERSION = YES;
				CLANG_WARN_OBJC_IMPLICIT_RETAIN_SELF = YES;
				CLANG_WARN_OBJC_LITERAL_CONVERSION = YES;
				CLANG_WARN_OBJC_ROOT_CLASS = YES_ERROR;
				CLANG_WARN_QUOTED_INCLUDE_IN_FRAMEWORK_HEADER = YES;
				CLANG_WARN_RANGE_LOOP_ANALYSIS = YES;
				CLANG_WARN_STRICT_PROTOTYPES = YES;
				CLANG_WARN_SUSPICIOUS_MOVE = YES;
				CLANG_WARN_UNGUARDED_AVAILABILITY = YES_AGGRESSIVE;
				CLANG_WARN_UNREACHABLE_CODE = YES;
				CLANG_WARN__DUPLICATE_METHOD_MATCH = YES;
				COPY_PHASE_STRIP = NO;
				DEBUG_INFORMATION_FORMAT = dwarf;
				ENABLE_STRICT_OBJC_MSGSEND = YES;
				ENABLE_TESTABILITY = YES;
				GCC_C_LANGUAGE_STANDARD = gnu11;
				GCC_DYNAMIC_NO_PIC = NO;
				GCC_NO_COMMON_BLOCKS = YES;
				GCC_OPTIMIZATION_LEVEL = 0;
				GCC_PREPROCESSOR_DEFINITIONS = (
					"DEBUG=1",
					"$(inherited)",
				);
				GCC_WARN_64_TO_32_BIT_CONVERSION = YES;
				GCC_WARN_ABOUT_RETURN_TYPE = YES_ERROR;
				GCC_WARN_UNDECLARED_SELECTOR = YES;
				GCC_WARN_UNINITIALIZED_AUTOS = YES_AGGRESSIVE;
				GCC_WARN_UNUSED_FUNCTION = YES;
				GCC_WARN_UNUSED_VARIABLE = YES;
				IPHONEOS_DEPLOYMENT_TARGET = 15.0;
				MTL_ENABLE_DEBUG_INFO = INCLUDE_SOURCE;
				MTL_FAST_MATH = YES;
				ONLY_ACTIVE_ARCH = YES;
				SDKROOT = iphoneos;
				SWIFT_ACTIVE_COMPILATION_CONDITIONS = DEBUG;
				SWIFT_OPTIMIZATION_LEVEL = "-Onone";
			};
			name = Debug;
		};
		8547BB0826FB3A4800E051E2 /* Release */ = {
			isa = XCBuildConfiguration;
			buildSettings = {
				ALWAYS_SEARCH_USER_PATHS = NO;
				CLANG_ANALYZER_NONNULL = YES;
				CLANG_ANALYZER_NUMBER_OBJECT_CONVERSION = YES_AGGRESSIVE;
				CLANG_CXX_LANGUAGE_STANDARD = "gnu++17";
				CLANG_CXX_LIBRARY = "libc++";
				CLANG_ENABLE_MODULES = YES;
				CLANG_ENABLE_OBJC_ARC = YES;
				CLANG_ENABLE_OBJC_WEAK = YES;
				CLANG_WARN_BLOCK_CAPTURE_AUTORELEASING = YES;
				CLANG_WARN_BOOL_CONVERSION = YES;
				CLANG_WARN_COMMA = YES;
				CLANG_WARN_CONSTANT_CONVERSION = YES;
				CLANG_WARN_DEPRECATED_OBJC_IMPLEMENTATIONS = YES;
				CLANG_WARN_DIRECT_OBJC_ISA_USAGE = YES_ERROR;
				CLANG_WARN_DOCUMENTATION_COMMENTS = YES;
				CLANG_WARN_EMPTY_BODY = YES;
				CLANG_WARN_ENUM_CONVERSION = YES;
				CLANG_WARN_INFINITE_RECURSION = YES;
				CLANG_WARN_INT_CONVERSION = YES;
				CLANG_WARN_NON_LITERAL_NULL_CONVERSION = YES;
				CLANG_WARN_OBJC_IMPLICIT_RETAIN_SELF = YES;
				CLANG_WARN_OBJC_LITERAL_CONVERSION = YES;
				CLANG_WARN_OBJC_ROOT_CLASS = YES_ERROR;
				CLANG_WARN_QUOTED_INCLUDE_IN_FRAMEWORK_HEADER = YES;
				CLANG_WARN_RANGE_LOOP_ANALYSIS = YES;
				CLANG_WARN_STRICT_PROTOTYPES = YES;
				CLANG_WARN_SUSPICIOUS_MOVE = YES;
				CLANG_WARN_UNGUARDED_AVAILABILITY = YES_AGGRESSIVE;
				CLANG_WARN_UNREACHABLE_CODE = YES;
				CLANG_WARN__DUPLICATE_METHOD_MATCH = YES;
				COPY_PHASE_STRIP = NO;
				DEBUG_INFORMATION_FORMAT = "dwarf-with-dsym";
				ENABLE_NS_ASSERTIONS = NO;
				ENABLE_STRICT_OBJC_MSGSEND = YES;
				GCC_C_LANGUAGE_STANDARD = gnu11;
				GCC_NO_COMMON_BLOCKS = YES;
				GCC_WARN_64_TO_32_BIT_CONVERSION = YES;
				GCC_WARN_ABOUT_RETURN_TYPE = YES_ERROR;
				GCC_WARN_UNDECLARED_SELECTOR = YES;
				GCC_WARN_UNINITIALIZED_AUTOS = YES_AGGRESSIVE;
				GCC_WARN_UNUSED_FUNCTION = YES;
				GCC_WARN_UNUSED_VARIABLE = YES;
				IPHONEOS_DEPLOYMENT_TARGET = 15.0;
				MTL_ENABLE_DEBUG_INFO = NO;
				MTL_FAST_MATH = YES;
				SDKROOT = iphoneos;
				SWIFT_COMPILATION_MODE = wholemodule;
				SWIFT_OPTIMIZATION_LEVEL = "-O";
				VALIDATE_PRODUCT = YES;
			};
			name = Release;
		};
		8547BB0A26FB3A4800E051E2 /* Debug */ = {
			isa = XCBuildConfiguration;
			buildSettings = {
				ASSETCATALOG_COMPILER_APPICON_NAME = AppIcon;
				ASSETCATALOG_COMPILER_GLOBAL_ACCENT_COLOR_NAME = AccentColor;
				CODE_SIGN_STYLE = Automatic;
				CURRENT_PROJECT_VERSION = 1;
				DEVELOPMENT_ASSET_PATHS = "\"ARTIS/Preview Content\"";
				DEVELOPMENT_TEAM = GJZU5NTF98;
				ENABLE_PREVIEWS = YES;
				GENERATE_INFOPLIST_FILE = YES;
				INFOPLIST_KEY_UIApplicationSceneManifest_Generation = YES;
				INFOPLIST_KEY_UIApplicationSupportsIndirectInputEvents = YES;
				INFOPLIST_KEY_UILaunchScreen_Generation = YES;
				INFOPLIST_KEY_UISupportedInterfaceOrientations_iPad = "UIInterfaceOrientationPortrait UIInterfaceOrientationPortraitUpsideDown UIInterfaceOrientationLandscapeLeft UIInterfaceOrientationLandscapeRight";
				INFOPLIST_KEY_UISupportedInterfaceOrientations_iPhone = "UIInterfaceOrientationPortrait UIInterfaceOrientationLandscapeLeft UIInterfaceOrientationLandscapeRight";
				IPHONEOS_DEPLOYMENT_TARGET = 15.0;
				LD_RUNPATH_SEARCH_PATHS = (
					"$(inherited)",
					"@executable_path/Frameworks",
				);
				MARKETING_VERSION = 1.0;
				PRODUCT_BUNDLE_IDENTIFIER = yoon.ARTIS;
				PRODUCT_NAME = "$(TARGET_NAME)";
				SWIFT_EMIT_LOC_STRINGS = YES;
				SWIFT_VERSION = 5.0;
				TARGETED_DEVICE_FAMILY = 1;
			};
			name = Debug;
		};
		8547BB0B26FB3A4800E051E2 /* Release */ = {
			isa = XCBuildConfiguration;
			buildSettings = {
				ASSETCATALOG_COMPILER_APPICON_NAME = AppIcon;
				ASSETCATALOG_COMPILER_GLOBAL_ACCENT_COLOR_NAME = AccentColor;
				CODE_SIGN_STYLE = Automatic;
				CURRENT_PROJECT_VERSION = 1;
				DEVELOPMENT_ASSET_PATHS = "\"ARTIS/Preview Content\"";
				DEVELOPMENT_TEAM = GJZU5NTF98;
				ENABLE_PREVIEWS = YES;
				GENERATE_INFOPLIST_FILE = YES;
				INFOPLIST_KEY_UIApplicationSceneManifest_Generation = YES;
				INFOPLIST_KEY_UIApplicationSupportsIndirectInputEvents = YES;
				INFOPLIST_KEY_UILaunchScreen_Generation = YES;
				INFOPLIST_KEY_UISupportedInterfaceOrientations_iPad = "UIInterfaceOrientationPortrait UIInterfaceOrientationPortraitUpsideDown UIInterfaceOrientationLandscapeLeft UIInterfaceOrientationLandscapeRight";
				INFOPLIST_KEY_UISupportedInterfaceOrientations_iPhone = "UIInterfaceOrientationPortrait UIInterfaceOrientationLandscapeLeft UIInterfaceOrientationLandscapeRight";
				IPHONEOS_DEPLOYMENT_TARGET = 15.0;
				LD_RUNPATH_SEARCH_PATHS = (
					"$(inherited)",
					"@executable_path/Frameworks",
				);
				MARKETING_VERSION = 1.0;
				PRODUCT_BUNDLE_IDENTIFIER = yoon.ARTIS;
				PRODUCT_NAME = "$(TARGET_NAME)";
				SWIFT_EMIT_LOC_STRINGS = YES;
				SWIFT_VERSION = 5.0;
				TARGETED_DEVICE_FAMILY = 1;
			};
			name = Release;
		};
/* End XCBuildConfiguration section */

/* Begin XCConfigurationList section */
		8547BAF626FB3A4600E051E2 /* Build configuration list for PBXProject "ARTIS" */ = {
			isa = XCConfigurationList;
			buildConfigurations = (
				8547BB0726FB3A4800E051E2 /* Debug */,
				8547BB0826FB3A4800E051E2 /* Release */,
			);
			defaultConfigurationIsVisible = 0;
			defaultConfigurationName = Release;
		};
		8547BB0926FB3A4800E051E2 /* Build configuration list for PBXNativeTarget "ARTIS" */ = {
			isa = XCConfigurationList;
			buildConfigurations = (
				8547BB0A26FB3A4800E051E2 /* Debug */,
				8547BB0B26FB3A4800E051E2 /* Release */,
			);
			defaultConfigurationIsVisible = 0;
			defaultConfigurationName = Release;
		};
/* End XCConfigurationList section */
	};
	rootObject = 8547BAF326FB3A4600E051E2 /* Project object */;
}
